
Microsoft Visual Studio Solution File, Format Version 12.00
# Visual Studio Version 17
VisualStudioVersion = 17.13.35825.156 d17.13
MinimumVisualStudioVersion = 10.0.40219.1
Project("{FAE04EC0-301F-11D3-BF4B-00C04F79EFBC}") = "EmployeeApp", "EmployeeApp\EmployeeApp.csproj", "{92BA8808-6145-4A4E-B240-5C2BA77B2122}"
EndProject
Global
	GlobalSection(SolutionConfigurationPlatforms) = preSolution
		Debug|Any CPU = Debug|Any CPU
		Release|Any CPU = Release|Any CPU
	EndGlobalSection
	GlobalSection(ProjectConfigurationPlatforms) = postSolution
		{92BA8808-6145-4A4E-B240-5C2BA77B2122}.Debug|Any CPU.ActiveCfg = Debug|Any CPU
		{92BA8808-6145-4A4E-B240-5C2BA77B2122}.Debug|Any CPU.Build.0 = Debug|Any CPU
		{92BA8808-6145-4A4E-B240-5C2BA77B2122}.Release|Any CPU.ActiveCfg = Release|Any CPU
		{92BA8808-6145-4A4E-B240-5C2BA77B2122}.Release|Any CPU.Build.0 = Release|Any CPU
	EndGlobalSection
	GlobalSection(SolutionProperties) = preSolution
		HideSolutionNode = FALSE
	EndGlobalSection
	GlobalSection(ExtensibilityGlobals) = postSolution
		SolutionGuid = {6B24D03C-D9C0-4DDB-A461-1F0D3418A336}
	EndGlobalSection
EndGlobal
